# This file is automatically @generated by Cargo.
# It is not intended for manual editing.
version = 4

[[package]]
name = "nostr-q"
version = "0.1.0"

[[package]]
name = "nostr-q-core"
version = "0.1.0"

[[package]]
name = "nostr-q-relay"
version = "0.1.0"

[[package]]
name = "nostr-q-store"
version = "0.1.0"

[[package]]
name = "nostr-q-worker"
version = "0.1.0"

[[package]]
name = "nq"
version = "0.1.0"
